
Microsoft Visual Studio Solution File, Format Version 12.00
# Visual Studio Version 17
VisualStudioVersion = 17.0.31423.177
MinimumVisualStudioVersion = 10.0.40219.1
Project("{8BC9CEB8-8B4A-11D0-8D11-00A0C91BC942}") = "easy-engine-core", "easy-engine-core\easy-engine-core.vcxproj", "{C70CAC80-3B82-456D-88D2-D2216A7A9624}"
EndProject
Project("{8BC9CEB8-8B4A-11D0-8D11-00A0C91BC942}") = "easy-engine-tools", "easy-engine-tools\easy-engine-tools.vcxproj", "{DD8F5097-5759-43B2-AE0B-08EBDA59CAA4}"
	ProjectSection(ProjectDependencies) = postProject
		{C70CAC80-3B82-456D-88D2-D2216A7A9624} = {C70CAC80-3B82-456D-88D2-D2216A7A9624}
	EndProjectSection
EndProject
Project("{8BC9CEB8-8B4A-11D0-8D11-00A0C91BC942}") = "easy-engine-core-tests", "easy-engine-core-tests\easy-engine-core-tests.vcxproj", "{1C6617A6-8D45-4B38-B62A-FA965E83C2AD}"
	ProjectSection(ProjectDependencies) = postProject
		{C70CAC80-3B82-456D-88D2-D2216A7A9624} = {C70CAC80-3B82-456D-88D2-D2216A7A9624}
	EndProjectSection
EndProject
Project("{8BC9CEB8-8B4A-11D0-8D11-00A0C91BC942}") = "easy-engine-script-bindings", "easy-engine-script-bindings\easy-engine-script-bindings.vcxproj", "{1B81003C-3B82-4D50-93B1-D8A45A7A0020}"
	ProjectSection(ProjectDependencies) = postProject
		{C70CAC80-3B82-456D-88D2-D2216A7A9624} = {C70CAC80-3B82-456D-88D2-D2216A7A9624}
	EndProjectSection
EndProject
Project("{8BC9CEB8-8B4A-11D0-8D11-00A0C91BC942}") = "easy-engine-script-bindings-tests", "easy-engine-script-bindings-tests\easy-engine-script-bindings-tests.vcxproj", "{3AEADF81-E2F0-406B-BEBD-F56EE06D0D40}"
	ProjectSection(ProjectDependencies) = postProject
		{1B81003C-3B82-4D50-93B1-D8A45A7A0020} = {1B81003C-3B82-4D50-93B1-D8A45A7A0020}
	EndProjectSection
EndProject
Project("{8BC9CEB8-8B4A-11D0-8D11-00A0C91BC942}") = "easy-engine-sandbox", "easy-engine-sandbox\easy-engine-sandbox.vcxproj", "{327BCEB8-193E-46F2-9028-7216166DF1C1}"
	ProjectSection(ProjectDependencies) = postProject
		{C70CAC80-3B82-456D-88D2-D2216A7A9624} = {C70CAC80-3B82-456D-88D2-D2216A7A9624}
	EndProjectSection
EndProject
Global
	GlobalSection(SolutionConfigurationPlatforms) = preSolution
		Debug|x64 = Debug|x64
		Debug|x86 = Debug|x86
		Release|x64 = Release|x64
		Release|x86 = Release|x86
	EndGlobalSection
	GlobalSection(ProjectConfigurationPlatforms) = postSolution
		{C70CAC80-3B82-456D-88D2-D2216A7A9624}.Debug|x64.ActiveCfg = Debug|x64
		{C70CAC80-3B82-456D-88D2-D2216A7A9624}.Debug|x64.Build.0 = Debug|x64
		{C70CAC80-3B82-456D-88D2-D2216A7A9624}.Debug|x64.Deploy.0 = Debug|x64
		{C70CAC80-3B82-456D-88D2-D2216A7A9624}.Debug|x86.ActiveCfg = Debug|Win32
		{C70CAC80-3B82-456D-88D2-D2216A7A9624}.Debug|x86.Build.0 = Debug|Win32
		{C70CAC80-3B82-456D-88D2-D2216A7A9624}.Release|x64.ActiveCfg = Debug|x64
		{C70CAC80-3B82-456D-88D2-D2216A7A9624}.Release|x64.Build.0 = Debug|x64
		{C70CAC80-3B82-456D-88D2-D2216A7A9624}.Release|x86.ActiveCfg = Release|Win32
		{C70CAC80-3B82-456D-88D2-D2216A7A9624}.Release|x86.Build.0 = Release|Win32
		{DD8F5097-5759-43B2-AE0B-08EBDA59CAA4}.Debug|x64.ActiveCfg = Debug|x64
		{DD8F5097-5759-43B2-AE0B-08EBDA59CAA4}.Debug|x64.Deploy.0 = Debug|x64
		{DD8F5097-5759-43B2-AE0B-08EBDA59CAA4}.Debug|x86.ActiveCfg = Debug|Win32
		{DD8F5097-5759-43B2-AE0B-08EBDA59CAA4}.Debug|x86.Build.0 = Debug|Win32
		{DD8F5097-5759-43B2-AE0B-08EBDA59CAA4}.Release|x64.ActiveCfg = Debug|x64
		{DD8F5097-5759-43B2-AE0B-08EBDA59CAA4}.Release|x64.Build.0 = Debug|x64
		{DD8F5097-5759-43B2-AE0B-08EBDA59CAA4}.Release|x86.ActiveCfg = Release|Win32
		{DD8F5097-5759-43B2-AE0B-08EBDA59CAA4}.Release|x86.Build.0 = Release|Win32
		{1C6617A6-8D45-4B38-B62A-FA965E83C2AD}.Debug|x64.ActiveCfg = Debug|x64
		{1C6617A6-8D45-4B38-B62A-FA965E83C2AD}.Debug|x64.Build.0 = Debug|x64
		{1C6617A6-8D45-4B38-B62A-FA965E83C2AD}.Debug|x86.ActiveCfg = Debug|Win32
		{1C6617A6-8D45-4B38-B62A-FA965E83C2AD}.Debug|x86.Build.0 = Debug|Win32
		{1C6617A6-8D45-4B38-B62A-FA965E83C2AD}.Release|x64.ActiveCfg = Debug|x64
		{1C6617A6-8D45-4B38-B62A-FA965E83C2AD}.Release|x64.Build.0 = Debug|x64
		{1C6617A6-8D45-4B38-B62A-FA965E83C2AD}.Release|x86.ActiveCfg = Release|Win32
		{1C6617A6-8D45-4B38-B62A-FA965E83C2AD}.Release|x86.Build.0 = Release|Win32
		{1B81003C-3B82-4D50-93B1-D8A45A7A0020}.Debug|x64.ActiveCfg = Debug|x64
		{1B81003C-3B82-4D50-93B1-D8A45A7A0020}.Debug|x64.Build.0 = Debug|x64
		{1B81003C-3B82-4D50-93B1-D8A45A7A0020}.Debug|x86.ActiveCfg = Debug|Win32
		{1B81003C-3B82-4D50-93B1-D8A45A7A0020}.Debug|x86.Build.0 = Debug|Win32
		{1B81003C-3B82-4D50-93B1-D8A45A7A0020}.Release|x64.ActiveCfg = Debug|x64
		{1B81003C-3B82-4D50-93B1-D8A45A7A0020}.Release|x64.Build.0 = Debug|x64
		{1B81003C-3B82-4D50-93B1-D8A45A7A0020}.Release|x86.ActiveCfg = Release|Win32
		{1B81003C-3B82-4D50-93B1-D8A45A7A0020}.Release|x86.Build.0 = Release|Win32
		{3AEADF81-E2F0-406B-BEBD-F56EE06D0D40}.Debug|x64.ActiveCfg = Debug|x64
		{3AEADF81-E2F0-406B-BEBD-F56EE06D0D40}.Debug|x64.Build.0 = Debug|x64
		{3AEADF81-E2F0-406B-BEBD-F56EE06D0D40}.Debug|x86.ActiveCfg = Debug|Win32
		{3AEADF81-E2F0-406B-BEBD-F56EE06D0D40}.Debug|x86.Build.0 = Debug|Win32
		{3AEADF81-E2F0-406B-BEBD-F56EE06D0D40}.Release|x64.ActiveCfg = Release|x64
		{3AEADF81-E2F0-406B-BEBD-F56EE06D0D40}.Release|x64.Build.0 = Release|x64
		{3AEADF81-E2F0-406B-BEBD-F56EE06D0D40}.Release|x86.ActiveCfg = Release|Win32
		{3AEADF81-E2F0-406B-BEBD-F56EE06D0D40}.Release|x86.Build.0 = Release|Win32
		{327BCEB8-193E-46F2-9028-7216166DF1C1}.Debug|x64.ActiveCfg = Debug|x64
		{327BCEB8-193E-46F2-9028-7216166DF1C1}.Debug|x64.Build.0 = Debug|x64
		{327BCEB8-193E-46F2-9028-7216166DF1C1}.Debug|x86.ActiveCfg = Debug|Win32
		{327BCEB8-193E-46F2-9028-7216166DF1C1}.Debug|x86.Build.0 = Debug|Win32
		{327BCEB8-193E-46F2-9028-7216166DF1C1}.Release|x64.ActiveCfg = Release|x64
		{327BCEB8-193E-46F2-9028-7216166DF1C1}.Release|x64.Build.0 = Release|x64
		{327BCEB8-193E-46F2-9028-7216166DF1C1}.Release|x86.ActiveCfg = Release|Win32
		{327BCEB8-193E-46F2-9028-7216166DF1C1}.Release|x86.Build.0 = Release|Win32
	EndGlobalSection
	GlobalSection(SolutionProperties) = preSolution
		HideSolutionNode = FALSE
	EndGlobalSection
	GlobalSection(ExtensibilityGlobals) = postSolution
		SolutionGuid = {99A6B5AB-3879-440A-A68C-633D57F91294}
	EndGlobalSection
EndGlobal
