
Microsoft Visual Studio Solution File, Format Version 12.00
# Visual Studio 14
VisualStudioVersion = 14.0.25420.1
MinimumVisualStudioVersion = 10.0.40219.1
Project("{8BC9CEB8-8B4A-11D0-8D11-00A0C91BC942}") = "easy-engine-core", "easy-engine-core\easy-engine-core.vcxproj", "{C70CAC80-3B82-456D-88D2-D2216A7A9624}"
EndProject
Project("{8BC9CEB8-8B4A-11D0-8D11-00A0C91BC942}") = "easy-engine-tools", "easy-engine-tools\easy-engine-tools.vcxproj", "{DD8F5097-5759-43B2-AE0B-08EBDA59CAA4}"
	ProjectSection(ProjectDependencies) = postProject
		{C70CAC80-3B82-456D-88D2-D2216A7A9624} = {C70CAC80-3B82-456D-88D2-D2216A7A9624}
	EndProjectSection
EndProject
Project("{8BC9CEB8-8B4A-11D0-8D11-00A0C91BC942}") = "easy-engine-core-tests", "easy-engine-core-tests\easy-engine-core-tests.vcxproj", "{1C6617A6-8D45-4B38-B62A-FA965E83C2AD}"
	ProjectSection(ProjectDependencies) = postProject
		{C70CAC80-3B82-456D-88D2-D2216A7A9624} = {C70CAC80-3B82-456D-88D2-D2216A7A9624}
	EndProjectSection
EndProject
Global
	GlobalSection(SolutionConfigurationPlatforms) = preSolution
		Debug|x64 = Debug|x64
		Debug|x86 = Debug|x86
		Release|x64 = Release|x64
		Release|x86 = Release|x86
	EndGlobalSection
	GlobalSection(ProjectConfigurationPlatforms) = postSolution
		{C70CAC80-3B82-456D-88D2-D2216A7A9624}.Debug|x64.ActiveCfg = Debug|x64
		{C70CAC80-3B82-456D-88D2-D2216A7A9624}.Debug|x64.Build.0 = Debug|x64
		{C70CAC80-3B82-456D-88D2-D2216A7A9624}.Debug|x64.Deploy.0 = Debug|x64
		{C70CAC80-3B82-456D-88D2-D2216A7A9624}.Debug|x86.ActiveCfg = Debug|Win32
		{C70CAC80-3B82-456D-88D2-D2216A7A9624}.Debug|x86.Build.0 = Debug|Win32
		{C70CAC80-3B82-456D-88D2-D2216A7A9624}.Release|x64.ActiveCfg = Release|x64
		{C70CAC80-3B82-456D-88D2-D2216A7A9624}.Release|x64.Build.0 = Release|x64
		{C70CAC80-3B82-456D-88D2-D2216A7A9624}.Release|x86.ActiveCfg = Release|Win32
		{C70CAC80-3B82-456D-88D2-D2216A7A9624}.Release|x86.Build.0 = Release|Win32
		{DD8F5097-5759-43B2-AE0B-08EBDA59CAA4}.Debug|x64.ActiveCfg = Debug|x64
		{DD8F5097-5759-43B2-AE0B-08EBDA59CAA4}.Debug|x64.Deploy.0 = Debug|x64
		{DD8F5097-5759-43B2-AE0B-08EBDA59CAA4}.Debug|x86.ActiveCfg = Debug|Win32
		{DD8F5097-5759-43B2-AE0B-08EBDA59CAA4}.Debug|x86.Build.0 = Debug|Win32
		{DD8F5097-5759-43B2-AE0B-08EBDA59CAA4}.Release|x64.ActiveCfg = Release|x64
		{DD8F5097-5759-43B2-AE0B-08EBDA59CAA4}.Release|x64.Build.0 = Release|x64
		{DD8F5097-5759-43B2-AE0B-08EBDA59CAA4}.Release|x86.ActiveCfg = Release|Win32
		{DD8F5097-5759-43B2-AE0B-08EBDA59CAA4}.Release|x86.Build.0 = Release|Win32
		{1C6617A6-8D45-4B38-B62A-FA965E83C2AD}.Debug|x64.ActiveCfg = Debug|x64
		{1C6617A6-8D45-4B38-B62A-FA965E83C2AD}.Debug|x64.Build.0 = Debug|x64
		{1C6617A6-8D45-4B38-B62A-FA965E83C2AD}.Debug|x86.ActiveCfg = Debug|Win32
		{1C6617A6-8D45-4B38-B62A-FA965E83C2AD}.Debug|x86.Build.0 = Debug|Win32
		{1C6617A6-8D45-4B38-B62A-FA965E83C2AD}.Release|x64.ActiveCfg = Release|x64
		{1C6617A6-8D45-4B38-B62A-FA965E83C2AD}.Release|x64.Build.0 = Release|x64
		{1C6617A6-8D45-4B38-B62A-FA965E83C2AD}.Release|x86.ActiveCfg = Release|Win32
		{1C6617A6-8D45-4B38-B62A-FA965E83C2AD}.Release|x86.Build.0 = Release|Win32
	EndGlobalSection
	GlobalSection(SolutionProperties) = preSolution
		HideSolutionNode = FALSE
	EndGlobalSection
EndGlobal
