<?xml version="1.0" encoding="utf-8"?>
<Project ToolsVersion="4.0" xmlns="http://schemas.microsoft.com/developer/msbuild/2003">
  <ItemGroup>
    <Filter Include="Source Files">
      <UniqueIdentifier>{4FC737F1-C7A5-4376-A066-2A32D752A2FF}</UniqueIdentifier>
      <Extensions>cpp;c;cc;cxx;def;odl;idl;hpj;bat;asm;asmx</Extensions>
    </Filter>
    <Filter Include="Header Files">
      <UniqueIdentifier>{93995380-89BD-4b04-88EB-625FBE52EBFB}</UniqueIdentifier>
      <Extensions>h;hh;hpp;hxx;hm;inl;inc;xsd</Extensions>
    </Filter>
    <Filter Include="Resource Files">
      <UniqueIdentifier>{67DA6AB6-F800-4c08-8B7A-83BB121AAD01}</UniqueIdentifier>
      <Extensions>rc;ico;cur;bmp;dlg;rc2;rct;bin;rgs;gif;jpg;jpeg;jpe;resx;tiff;tif;png;wav;mfcribbon-ms</Extensions>
    </Filter>
    <Filter Include="Source Files\shader">
      <UniqueIdentifier>{548e2cb2-e1f5-42e6-b136-dedeffb1404c}</UniqueIdentifier>
    </Filter>
    <Filter Include="Source Files\render_manager">
      <UniqueIdentifier>{f5d800a9-f32b-44b8-86c5-449042d6b8e4}</UniqueIdentifier>
    </Filter>
    <Filter Include="Header Files\scene_manager">
      <UniqueIdentifier>{4083016b-8a33-42f4-b5c1-d2c20ad571cb}</UniqueIdentifier>
    </Filter>
    <Filter Include="Header Files\render_manager">
      <UniqueIdentifier>{4912cc55-e533-4fc9-98a4-175fea140e4b}</UniqueIdentifier>
    </Filter>
    <Filter Include="Header Files\configuration">
      <UniqueIdentifier>{1eac161a-5a24-4ed7-ab3d-88f8fc86af66}</UniqueIdentifier>
    </Filter>
    <Filter Include="Source Files\scene_manager">
      <UniqueIdentifier>{18f92dd5-e0f8-4fde-b837-272850f3c35f}</UniqueIdentifier>
    </Filter>
    <Filter Include="Header Files\renderable">
      <UniqueIdentifier>{bf939fed-1136-48ba-b018-eb05ea1b39bc}</UniqueIdentifier>
    </Filter>
    <Filter Include="Source Files\renderable">
      <UniqueIdentifier>{06efdd62-30de-4fcb-a10b-eafc217642c1}</UniqueIdentifier>
    </Filter>
    <Filter Include="Source Files\resource_manager">
      <UniqueIdentifier>{bc6bd521-9008-4ed4-8e3d-b4f06f8281a5}</UniqueIdentifier>
    </Filter>
    <Filter Include="Header Files\resource_manager">
      <UniqueIdentifier>{57140ccf-4a9d-4ce4-8540-524ab8910f29}</UniqueIdentifier>
    </Filter>
    <Filter Include="Header Files\scene_manager\scene_graph">
      <UniqueIdentifier>{b03870c8-df5b-49cc-a2bb-e6572a12a260}</UniqueIdentifier>
    </Filter>
    <Filter Include="Source Files\scene_manager\scene_graph">
      <UniqueIdentifier>{bc7d0ed2-4bbf-40e9-9d5d-f72eaa61a011}</UniqueIdentifier>
    </Filter>
  </ItemGroup>
  <ItemGroup>
    <ClInclude Include="include\SceneManager.h">
      <Filter>Header Files\scene_manager</Filter>
    </ClInclude>
    <ClInclude Include="include\RenderManagerOpenGL.h">
      <Filter>Header Files\render_manager</Filter>
    </ClInclude>
    <ClInclude Include="include\RenderManager.h">
      <Filter>Header Files\render_manager</Filter>
    </ClInclude>
    <ClInclude Include="include\Configuration.h">
      <Filter>Header Files\configuration</Filter>
    </ClInclude>
    <ClInclude Include="include\Common.h">
      <Filter>Header Files</Filter>
    </ClInclude>
    <ClInclude Include="include\Logger.h">
      <Filter>Header Files</Filter>
    </ClInclude>
    <ClInclude Include="include\SceneManagerOpenGL.h">
      <Filter>Header Files\scene_manager</Filter>
    </ClInclude>
    <ClInclude Include="include\SceneGraph3D.h">
      <Filter>Header Files\scene_manager\scene_graph</Filter>
    </ClInclude>
    <ClInclude Include="include\Node.h">
      <Filter>Header Files\scene_manager\scene_graph</Filter>
    </ClInclude>
    <ClInclude Include="include\Scene.h">
      <Filter>Header Files\scene_manager</Filter>
    </ClInclude>
    <ClInclude Include="include\Scene3D.h">
      <Filter>Header Files\scene_manager</Filter>
    </ClInclude>
    <ClInclude Include="include\Scene3DOpenGL.h">
      <Filter>Header Files\scene_manager</Filter>
    </ClInclude>
    <ClInclude Include="include\Renderable.h">
      <Filter>Header Files\renderable</Filter>
    </ClInclude>
    <ClInclude Include="include\Renderable3D.h">
      <Filter>Header Files\renderable</Filter>
    </ClInclude>
    <ClInclude Include="include\ResourceManager.h">
      <Filter>Header Files\resource_manager</Filter>
    </ClInclude>
    <ClInclude Include="include\ResourceManager3D.h">
      <Filter>Header Files\resource_manager</Filter>
    </ClInclude>
    <ClInclude Include="include\GroupNode.h">
      <Filter>Header Files\scene_manager\scene_graph</Filter>
    </ClInclude>
    <ClInclude Include="include\TransformationNode.h">
      <Filter>Header Files\scene_manager\scene_graph</Filter>
    </ClInclude>
    <ClInclude Include="include\RenderableNode.h">
      <Filter>Header Files\scene_manager\scene_graph</Filter>
    </ClInclude>
    <ClInclude Include="include\RenderConfiguration.h">
      <Filter>Header Files\configuration</Filter>
    </ClInclude>
    <ClInclude Include="include\SceneConfiguration.h">
      <Filter>Header Files\configuration</Filter>
    </ClInclude>
  </ItemGroup>
  <ItemGroup>
    <ClCompile Include="src\main.cpp">
      <Filter>Source Files</Filter>
    </ClCompile>
    <ClCompile Include="src\RenderManagerOpenGL.cpp">
      <Filter>Source Files\render_manager</Filter>
    </ClCompile>
    <ClCompile Include="include\RenderManager.cpp">
      <Filter>Source Files\render_manager</Filter>
    </ClCompile>
    <ClCompile Include="src\Logger.cpp">
      <Filter>Source Files</Filter>
    </ClCompile>
    <ClCompile Include="src\SceneManagerOpenGL.cpp">
      <Filter>Source Files\scene_manager</Filter>
    </ClCompile>
    <ClCompile Include="src\Scene3D.cpp">
      <Filter>Source Files\scene_manager</Filter>
    </ClCompile>
    <ClCompile Include="src\Renderable3D.cpp">
      <Filter>Source Files\renderable</Filter>
    </ClCompile>
    <ClCompile Include="src\ResourceManager.cpp">
      <Filter>Source Files\resource_manager</Filter>
    </ClCompile>
    <ClCompile Include="src\ResourceManager3D.cpp">
      <Filter>Source Files\resource_manager</Filter>
    </ClCompile>
    <ClCompile Include="src\Node.cpp">
      <Filter>Source Files\scene_manager\scene_graph</Filter>
    </ClCompile>
    <ClCompile Include="src\RenderableNode.cpp">
      <Filter>Source Files\scene_manager\scene_graph</Filter>
    </ClCompile>
    <ClCompile Include="src\SceneManager.cpp">
      <Filter>Source Files\scene_manager</Filter>
    </ClCompile>
    <ClCompile Include="src\Scene.cpp">
      <Filter>Source Files\scene_manager</Filter>
    </ClCompile>
  </ItemGroup>
  <ItemGroup>
    <None Include="src\shaders\fragment_shader.glsl">
      <Filter>Source Files\shader</Filter>
    </None>
    <None Include="src\shaders\vertex_shader.glsl">
      <Filter>Source Files\shader</Filter>
    </None>
  </ItemGroup>
</Project>