<?xml version="1.0" encoding="utf-8"?>
<Project ToolsVersion="4.0" xmlns="http://schemas.microsoft.com/developer/msbuild/2003">
  <ItemGroup>
    <Filter Include="Source Files">
      <UniqueIdentifier>{4FC737F1-C7A5-4376-A066-2A32D752A2FF}</UniqueIdentifier>
      <Extensions>cpp;c;cc;cxx;def;odl;idl;hpj;bat;asm;asmx</Extensions>
    </Filter>
    <Filter Include="Header Files">
      <UniqueIdentifier>{93995380-89BD-4b04-88EB-625FBE52EBFB}</UniqueIdentifier>
      <Extensions>h;hh;hpp;hxx;hm;inl;inc;xsd</Extensions>
    </Filter>
    <Filter Include="Resource Files">
      <UniqueIdentifier>{67DA6AB6-F800-4c08-8B7A-83BB121AAD01}</UniqueIdentifier>
      <Extensions>rc;ico;cur;bmp;dlg;rc2;rct;bin;rgs;gif;jpg;jpeg;jpe;resx;tiff;tif;png;wav;mfcribbon-ms;obj</Extensions>
    </Filter>
    <Filter Include="Source Files\shader">
      <UniqueIdentifier>{548e2cb2-e1f5-42e6-b136-dedeffb1404c}</UniqueIdentifier>
    </Filter>
    <Filter Include="Source Files\render_manager">
      <UniqueIdentifier>{f5d800a9-f32b-44b8-86c5-449042d6b8e4}</UniqueIdentifier>
    </Filter>
    <Filter Include="Header Files\scene_manager">
      <UniqueIdentifier>{4083016b-8a33-42f4-b5c1-d2c20ad571cb}</UniqueIdentifier>
    </Filter>
    <Filter Include="Header Files\render_manager">
      <UniqueIdentifier>{4912cc55-e533-4fc9-98a4-175fea140e4b}</UniqueIdentifier>
    </Filter>
    <Filter Include="Header Files\configuration">
      <UniqueIdentifier>{1eac161a-5a24-4ed7-ab3d-88f8fc86af66}</UniqueIdentifier>
    </Filter>
    <Filter Include="Source Files\scene_manager">
      <UniqueIdentifier>{18f92dd5-e0f8-4fde-b837-272850f3c35f}</UniqueIdentifier>
    </Filter>
    <Filter Include="Source Files\resource_manager">
      <UniqueIdentifier>{bc6bd521-9008-4ed4-8e3d-b4f06f8281a5}</UniqueIdentifier>
    </Filter>
    <Filter Include="Header Files\resource_manager">
      <UniqueIdentifier>{57140ccf-4a9d-4ce4-8540-524ab8910f29}</UniqueIdentifier>
    </Filter>
    <Filter Include="Source Files\input_manager">
      <UniqueIdentifier>{6bab48b8-7e59-40f1-a728-e60b70025a35}</UniqueIdentifier>
    </Filter>
    <Filter Include="Header Files\input_manager">
      <UniqueIdentifier>{9f82d419-05af-4dab-bb8b-88bcd38f8f78}</UniqueIdentifier>
    </Filter>
    <Filter Include="Header Files\window_manager">
      <UniqueIdentifier>{7769a570-eff1-4738-aaa2-e714cb625771}</UniqueIdentifier>
    </Filter>
    <Filter Include="Source Files\window_manager">
      <UniqueIdentifier>{9561de4d-8f7e-445f-93d3-16a3982e7305}</UniqueIdentifier>
    </Filter>
    <Filter Include="Header Files\event_manager">
      <UniqueIdentifier>{9edad49c-5b89-4164-8ae2-c636cb3bc1a8}</UniqueIdentifier>
    </Filter>
    <Filter Include="Source Files\event_manager">
      <UniqueIdentifier>{8009a8a5-e365-4beb-8d4c-0153a8663251}</UniqueIdentifier>
    </Filter>
    <Filter Include="Source Files\component_manager">
      <UniqueIdentifier>{6cc0512f-022d-47f2-8df6-e6f801813d21}</UniqueIdentifier>
    </Filter>
    <Filter Include="Source Files\world">
      <UniqueIdentifier>{075cb61f-9ab6-4721-abf8-b551f285102b}</UniqueIdentifier>
    </Filter>
    <Filter Include="Source Files\component">
      <UniqueIdentifier>{b7a7f6b9-2e94-4941-a1fd-3ea9c0b95685}</UniqueIdentifier>
    </Filter>
    <Filter Include="Header Files\ecs">
      <UniqueIdentifier>{97543043-21d3-4bbd-ad3e-c0649542e1f3}</UniqueIdentifier>
    </Filter>
    <Filter Include="Header Files\ecs\component">
      <UniqueIdentifier>{b2bbc48b-7a00-4c0d-8b5f-630c9c9020d3}</UniqueIdentifier>
    </Filter>
    <Filter Include="Header Files\ecs\component_manager">
      <UniqueIdentifier>{ec7af3d5-8334-4113-a10b-d6ee048b0f7b}</UniqueIdentifier>
    </Filter>
    <Filter Include="Header Files\world">
      <UniqueIdentifier>{7c38175f-806c-45e0-8591-45ed9ff15151}</UniqueIdentifier>
    </Filter>
    <Filter Include="Header Files\ecs\entity">
      <UniqueIdentifier>{5a2f0834-76b3-4ed3-b959-49848d275f59}</UniqueIdentifier>
    </Filter>
    <Filter Include="Header Files\resource">
      <UniqueIdentifier>{36bbe077-a3d2-444e-9f82-0410706fec4a}</UniqueIdentifier>
    </Filter>
    <Filter Include="Source Files\resource">
      <UniqueIdentifier>{06efdd62-30de-4fcb-a10b-eafc217642c1}</UniqueIdentifier>
    </Filter>
    <Filter Include="Header Files\memory">
      <UniqueIdentifier>{d4e8b392-70e4-4465-82c7-e6bb17124c24}</UniqueIdentifier>
    </Filter>
    <Filter Include="Source Files\memory">
      <UniqueIdentifier>{cc35019c-d65b-4b20-8916-123d44b5c2c3}</UniqueIdentifier>
    </Filter>
  </ItemGroup>
  <ItemGroup>
    <ClInclude Include="include\EasyEngine\configuration\RenderConfiguration.h">
      <Filter>Header Files\configuration</Filter>
    </ClInclude>
    <ClInclude Include="include\EasyEngine\configuration\WindowConfiguration.h">
      <Filter>Header Files\configuration</Filter>
    </ClInclude>
    <ClInclude Include="include\EasyEngine\configuration\Configuration.h">
      <Filter>Header Files\configuration</Filter>
    </ClInclude>
    <ClInclude Include="include\EasyEngine\input_manager\InputManager.h">
      <Filter>Header Files\input_manager</Filter>
    </ClInclude>
    <ClInclude Include="include\EasyEngine\render_manager\RenderManager.h">
      <Filter>Header Files\render_manager</Filter>
    </ClInclude>
    <ClInclude Include="include\EasyEngine\render_manager\RenderManagerOpenGL.h">
      <Filter>Header Files\render_manager</Filter>
    </ClInclude>
    <ClInclude Include="include\EasyEngine\render_manager\ObjectIndex.h">
      <Filter>Header Files\render_manager</Filter>
    </ClInclude>
    <ClInclude Include="include\EasyEngine\resource_manager\ResourceManager.h">
      <Filter>Header Files\resource_manager</Filter>
    </ClInclude>
    <ClInclude Include="include\EasyEngine\resource_manager\ResourceManager3D.h">
      <Filter>Header Files\resource_manager</Filter>
    </ClInclude>
    <ClInclude Include="include\EasyEngine\scene_manager\RenderableNode.h">
      <Filter>Header Files\scene_manager</Filter>
    </ClInclude>
    <ClInclude Include="include\EasyEngine\scene_manager\RootNode.h">
      <Filter>Header Files\scene_manager</Filter>
    </ClInclude>
    <ClInclude Include="include\EasyEngine\scene_manager\Scene.h">
      <Filter>Header Files\scene_manager</Filter>
    </ClInclude>
    <ClInclude Include="include\EasyEngine\scene_manager\Scene3D.h">
      <Filter>Header Files\scene_manager</Filter>
    </ClInclude>
    <ClInclude Include="include\EasyEngine\scene_manager\SceneGraph.h">
      <Filter>Header Files\scene_manager</Filter>
    </ClInclude>
    <ClInclude Include="include\EasyEngine\scene_manager\SceneGraph3D.h">
      <Filter>Header Files\scene_manager</Filter>
    </ClInclude>
    <ClInclude Include="include\EasyEngine\scene_manager\SceneManager.h">
      <Filter>Header Files\scene_manager</Filter>
    </ClInclude>
    <ClInclude Include="include\EasyEngine\scene_manager\SceneManager3D.h">
      <Filter>Header Files\scene_manager</Filter>
    </ClInclude>
    <ClInclude Include="include\EasyEngine\scene_manager\TransformationNode.h">
      <Filter>Header Files\scene_manager</Filter>
    </ClInclude>
    <ClInclude Include="include\EasyEngine\scene_manager\GroupNode.h">
      <Filter>Header Files\scene_manager</Filter>
    </ClInclude>
    <ClInclude Include="include\EasyEngine\scene_manager\Node.h">
      <Filter>Header Files\scene_manager</Filter>
    </ClInclude>
    <ClInclude Include="include\EasyEngine\window_manager\WindowManager.h">
      <Filter>Header Files\window_manager</Filter>
    </ClInclude>
    <ClInclude Include="include\EasyEngine\window_manager\WindowManagerGLFW.h">
      <Filter>Header Files\window_manager</Filter>
    </ClInclude>
    <ClInclude Include="include\EasyEngine\EasyEngine.h">
      <Filter>Header Files</Filter>
    </ClInclude>
    <ClInclude Include="include\EasyEngine\Logger.h">
      <Filter>Header Files</Filter>
    </ClInclude>
    <ClInclude Include="include\EasyEngine\ManagerLocator.h">
      <Filter>Header Files</Filter>
    </ClInclude>
    <ClInclude Include="include\EasyEngine\Application.h">
      <Filter>Header Files</Filter>
    </ClInclude>
    <ClInclude Include="include\EasyEngine\EntryPoint.h">
      <Filter>Header Files</Filter>
    </ClInclude>
    <ClInclude Include="include\EasyEngine\eepch.h">
      <Filter>Header Files</Filter>
    </ClInclude>
    <ClInclude Include="include\EasyEngine\event_manager\EventManager.h">
      <Filter>Header Files\event_manager</Filter>
    </ClInclude>
    <ClInclude Include="include\EasyEngine\event_manager\Event.h">
      <Filter>Header Files\event_manager</Filter>
    </ClInclude>
    <ClInclude Include="include\EasyEngine\event_manager\IObserver.h">
      <Filter>Header Files\event_manager</Filter>
    </ClInclude>
    <ClInclude Include="include\EasyEngine\world\World.h">
      <Filter>Header Files\world</Filter>
    </ClInclude>
    <ClInclude Include="include\EasyEngine\Common.h">
      <Filter>Header Files</Filter>
    </ClInclude>
    <ClInclude Include="include\EasyEngine\ecs\component\TransformComponent.h">
      <Filter>Header Files\ecs\component</Filter>
    </ClInclude>
    <ClInclude Include="include\EasyEngine\ecs\component_manager\ComponentManager.h">
      <Filter>Header Files\ecs\component_manager</Filter>
    </ClInclude>
    <ClInclude Include="include\EasyEngine\ecs\entity\Entity.h">
      <Filter>Header Files\ecs\entity</Filter>
    </ClInclude>
    <ClInclude Include="include\EasyEngine\ecs\entity\EntityHandle.h">
      <Filter>Header Files\ecs\entity</Filter>
    </ClInclude>
    <ClInclude Include="include\EasyEngine\ecs\component\MeshComponent.h">
      <Filter>Header Files\ecs\component</Filter>
    </ClInclude>
    <ClInclude Include="include\EasyEngine\ecs\component\Component.h">
      <Filter>Header Files\ecs\component</Filter>
    </ClInclude>
    <ClInclude Include="include\EasyEngine\resource\Texture.h">
      <Filter>Header Files\resource</Filter>
    </ClInclude>
    <ClInclude Include="include\EasyEngine\resource\Renderable.h">
      <Filter>Header Files\resource</Filter>
    </ClInclude>
    <ClInclude Include="include\EasyEngine\resource\Mesh.h">
      <Filter>Header Files\resource</Filter>
    </ClInclude>
    <ClInclude Include="include\EasyEngine\ecs\component\TextureComponent.h">
      <Filter>Header Files\ecs\component</Filter>
    </ClInclude>
    <ClInclude Include="include\EasyEngine\memory\LinearAllocator.h">
      <Filter>Header Files\memory</Filter>
    </ClInclude>
    <ClInclude Include="RenderSystem.h">
      <Filter>Header Files</Filter>
    </ClInclude>
    <ClInclude Include="include\EasyEngine\render_manager\RenderSystem.h">
      <Filter>Header Files\render_manager</Filter>
    </ClInclude>
    <ClInclude Include="include\EasyEngine\ecs\ISystem.h">
      <Filter>Header Files\ecs</Filter>
    </ClInclude>
    <ClInclude Include="include\EasyEngine\render_manager\_3DObjectRenderable.h">
      <Filter>Header Files\render_manager</Filter>
    </ClInclude>
    <ClInclude Include="include\EasyEngine\render_manager\Camera.h">
      <Filter>Header Files\render_manager</Filter>
    </ClInclude>
  </ItemGroup>
  <ItemGroup>
    <ClCompile Include="src\RenderManagerOpenGL.cpp">
      <Filter>Source Files\render_manager</Filter>
    </ClCompile>
    <ClCompile Include="src\Logger.cpp">
      <Filter>Source Files</Filter>
    </ClCompile>
    <ClCompile Include="src\Scene3D.cpp">
      <Filter>Source Files\scene_manager</Filter>
    </ClCompile>
    <ClCompile Include="src\ResourceManager.cpp">
      <Filter>Source Files\resource_manager</Filter>
    </ClCompile>
    <ClCompile Include="src\ResourceManager3D.cpp">
      <Filter>Source Files\resource_manager</Filter>
    </ClCompile>
    <ClCompile Include="src\SceneManager.cpp">
      <Filter>Source Files\scene_manager</Filter>
    </ClCompile>
    <ClCompile Include="src\Scene.cpp">
      <Filter>Source Files\scene_manager</Filter>
    </ClCompile>
    <ClCompile Include="src\ManagerLocator.cpp">
      <Filter>Source Files</Filter>
    </ClCompile>
    <ClCompile Include="src\InputManager.cpp">
      <Filter>Source Files\input_manager</Filter>
    </ClCompile>
    <ClCompile Include="src\SceneManager3D.cpp">
      <Filter>Source Files\scene_manager</Filter>
    </ClCompile>
    <ClCompile Include="src\WindowManagerGLFW.cpp">
      <Filter>Source Files\window_manager</Filter>
    </ClCompile>
    <ClCompile Include="src\SceneGraph3D.cpp">
      <Filter>Source Files\scene_manager</Filter>
    </ClCompile>
    <ClCompile Include="src\Node.cpp">
      <Filter>Source Files\scene_manager</Filter>
    </ClCompile>
    <ClCompile Include="src\RenderableNode.cpp">
      <Filter>Source Files\scene_manager</Filter>
    </ClCompile>
    <ClCompile Include="src\Texture.cpp">
      <Filter>Source Files\resource</Filter>
    </ClCompile>
    <ClCompile Include="src\Application.cpp">
      <Filter>Source Files</Filter>
    </ClCompile>
    <ClCompile Include="src\eepch.cpp">
      <Filter>Source Files</Filter>
    </ClCompile>
    <ClCompile Include="include\EasyEngine\event_manager\EventManager.cpp">
      <Filter>Source Files\event_manager</Filter>
    </ClCompile>
    <ClCompile Include="src\World.cpp">
      <Filter>Source Files\world</Filter>
    </ClCompile>
    <ClCompile Include="src\ComponentManager.cpp">
      <Filter>Source Files\component_manager</Filter>
    </ClCompile>
    <ClCompile Include="src\Mesh.cpp">
      <Filter>Source Files\resource</Filter>
    </ClCompile>
    <ClCompile Include="src\Component.cpp">
      <Filter>Source Files\component</Filter>
    </ClCompile>
    <ClCompile Include="src\LinearAllocator.cpp">
      <Filter>Source Files\memory</Filter>
    </ClCompile>
    <ClCompile Include="src\RenderSystem.cpp">
      <Filter>Source Files\render_manager</Filter>
    </ClCompile>
    <ClCompile Include="src\Camera.cpp">
      <Filter>Source Files\render_manager</Filter>
    </ClCompile>
  </ItemGroup>
  <ItemGroup>
    <None Include="src\shaders\fragment_shader.glsl">
      <Filter>Source Files\shader</Filter>
    </None>
    <None Include="src\shaders\vertex_shader.glsl">
      <Filter>Source Files\shader</Filter>
    </None>
  </ItemGroup>
  <ItemGroup>
    <Object Include="res\basic_sword_low_poly.obj">
      <Filter>Resource Files</Filter>
    </Object>
  </ItemGroup>
</Project>